
Microsoft Visual Studio Solution File, Format Version 12.00
# Visual Studio Version 17
VisualStudioVersion = 17.10.34928.147
MinimumVisualStudioVersion = 10.0.40219.1
Project("{9A19103F-16F7-4668-BE54-9A1E7A4F7556}") = "Upskilling", "Upskilling\Upskilling.csproj", "{674C1C4B-E601-4801-8A41-4879011A6953}"
EndProject
Project("{9A19103F-16F7-4668-BE54-9A1E7A4F7556}") = "Upskilling_Razor", "Upskilling_Razor\Upskilling_Razor.csproj", "{36F90C1A-C1F2-47F5-9FBD-D55C124F29CE}"
EndProject
Project("{9A19103F-16F7-4668-BE54-9A1E7A4F7556}") = "Upskilling.DataAccess", "Upskilling.DataAccess\Upskilling.DataAccess.csproj", "{F9E220E5-5DFB-4A56-9465-9222E706B47B}"
EndProject
Project("{9A19103F-16F7-4668-BE54-9A1E7A4F7556}") = "Upskilling.Models", "Upskilling.Model\Upskilling.Models.csproj", "{6944901B-4BC5-4404-A9AB-60F853F3D9BE}"
EndProject
Project("{9A19103F-16F7-4668-BE54-9A1E7A4F7556}") = "Upskilling.Utils", "Upskilling.Utils\Upskilling.Utils.csproj", "{C449A69B-C0FF-4AC4-97B1-C9A5E38D852B}"
EndProject
Global
	GlobalSection(SolutionConfigurationPlatforms) = preSolution
		Debug|Any CPU = Debug|Any CPU
		Release|Any CPU = Release|Any CPU
	EndGlobalSection
	GlobalSection(ProjectConfigurationPlatforms) = postSolution
		{674C1C4B-E601-4801-8A41-4879011A6953}.Debug|Any CPU.ActiveCfg = Debug|Any CPU
		{674C1C4B-E601-4801-8A41-4879011A6953}.Debug|Any CPU.Build.0 = Debug|Any CPU
		{674C1C4B-E601-4801-8A41-4879011A6953}.Release|Any CPU.ActiveCfg = Release|Any CPU
		{674C1C4B-E601-4801-8A41-4879011A6953}.Release|Any CPU.Build.0 = Release|Any CPU
		{36F90C1A-C1F2-47F5-9FBD-D55C124F29CE}.Debug|Any CPU.ActiveCfg = Debug|Any CPU
		{36F90C1A-C1F2-47F5-9FBD-D55C124F29CE}.Debug|Any CPU.Build.0 = Debug|Any CPU
		{36F90C1A-C1F2-47F5-9FBD-D55C124F29CE}.Release|Any CPU.ActiveCfg = Release|Any CPU
		{36F90C1A-C1F2-47F5-9FBD-D55C124F29CE}.Release|Any CPU.Build.0 = Release|Any CPU
		{F9E220E5-5DFB-4A56-9465-9222E706B47B}.Debug|Any CPU.ActiveCfg = Debug|Any CPU
		{F9E220E5-5DFB-4A56-9465-9222E706B47B}.Debug|Any CPU.Build.0 = Debug|Any CPU
		{F9E220E5-5DFB-4A56-9465-9222E706B47B}.Release|Any CPU.ActiveCfg = Release|Any CPU
		{F9E220E5-5DFB-4A56-9465-9222E706B47B}.Release|Any CPU.Build.0 = Release|Any CPU
		{6944901B-4BC5-4404-A9AB-60F853F3D9BE}.Debug|Any CPU.ActiveCfg = Debug|Any CPU
		{6944901B-4BC5-4404-A9AB-60F853F3D9BE}.Debug|Any CPU.Build.0 = Debug|Any CPU
		{6944901B-4BC5-4404-A9AB-60F853F3D9BE}.Release|Any CPU.ActiveCfg = Release|Any CPU
		{6944901B-4BC5-4404-A9AB-60F853F3D9BE}.Release|Any CPU.Build.0 = Release|Any CPU
		{C449A69B-C0FF-4AC4-97B1-C9A5E38D852B}.Debug|Any CPU.ActiveCfg = Debug|Any CPU
		{C449A69B-C0FF-4AC4-97B1-C9A5E38D852B}.Debug|Any CPU.Build.0 = Debug|Any CPU
		{C449A69B-C0FF-4AC4-97B1-C9A5E38D852B}.Release|Any CPU.ActiveCfg = Release|Any CPU
		{C449A69B-C0FF-4AC4-97B1-C9A5E38D852B}.Release|Any CPU.Build.0 = Release|Any CPU
	EndGlobalSection
	GlobalSection(SolutionProperties) = preSolution
		HideSolutionNode = FALSE
	EndGlobalSection
	GlobalSection(ExtensibilityGlobals) = postSolution
		SolutionGuid = {D33B2EFF-8F7C-4F9A-8410-E602F50F86ED}
	EndGlobalSection
EndGlobal
